# This file was autogenerated by Stack.
# You should not edit this file by hand.
# For more information, please see the documentation at:
#   https://docs.haskellstack.org/en/stable/lock_files

packages:
- completed:
    hackage: monus-weighted-search-0.1.0.0@sha256:7a0a5b36544067d774fce8d267eb0b23eb76ce46b6ca3e4446a78617765450c6,5012
    pantry-tree:
      sha256: 2e60df574c3e65085ec503c2c3c229dec40ccebee184394f4165c5576fa1e08c
      size: 1542
  original:
    hackage: monus-weighted-search-0.1.0.0
snapshots:
- completed:
    sha256: deca5d235f498c2216605522633fbee795993dcca1d94c4c6db9023fe8a1775b
    size: 644486
    url: https://raw.githubusercontent.com/commercialhaskell/stackage-snapshots/master/nightly/2022/10/25.yaml
  original: nightly-2022-10-25
